// !$*UTF8*$!
{
	archiveVersion = 1;
	classes = {
	};
	objectVersion = 46;
	objects = {

/* Begin PBXBuildFile section */
		D894EECB1DDC26170039D92A /* AppDelegate.swift in Sources */ = {isa = PBXBuildFile; fileRef = D894EECA1DDC26170039D92A /* AppDelegate.swift */; };
		D894EED01DDC26180039D92A /* Main.storyboard in Resources */ = {isa = PBXBuildFile; fileRef = D894EECE1DDC26180039D92A /* Main.storyboard */; };
		D894EED21DDC26180039D92A /* Assets.xcassets in Resources */ = {isa = PBXBuildFile; fileRef = D894EED11DDC26180039D92A /* Assets.xcassets */; };
		D894EED51DDC26180039D92A /* LaunchScreen.storyboard in Resources */ = {isa = PBXBuildFile; fileRef = D894EED31DDC26180039D92A /* LaunchScreen.storyboard */; };
		D894EEE21DDEA4BA0039D92A /* MapViewController.swift in Sources */ = {isa = PBXBuildFile; fileRef = D894EEE11DDEA4BA0039D92A /* MapViewController.swift */; };
		D8D6AE491DEA9CEE0083C204 /* MapView.swift in Sources */ = {isa = PBXBuildFile; fileRef = D8D6AE481DEA9CEE0083C204 /* MapView.swift */; };
		D8F954781DF1173A0058A1CB /* GoogleService-Info.plist in Resources */ = {isa = PBXBuildFile; fileRef = D8F954771DF1173A0058A1CB /* GoogleService-Info.plist */; };
		F04FE1F66A58311B4E88C286 /* Pods_SpaceIn.framework in Frameworks */ = {isa = PBXBuildFile; fileRef = 036A50A7C319BF6AAF4DEA2C /* Pods_SpaceIn.framework */; };
/* End PBXBuildFile section */

/* Begin PBXFileReference section */
		036A50A7C319BF6AAF4DEA2C /* Pods_SpaceIn.framework */ = {isa = PBXFileReference; explicitFileType = wrapper.framework; includeInIndex = 0; path = Pods_SpaceIn.framework; sourceTree = BUILT_PRODUCTS_DIR; };
		0A06FBF98DDBC98EB5FFB788 /* Pods-SpaceIn.debug.xcconfig */ = {isa = PBXFileReference; includeInIndex = 1; lastKnownFileType = text.xcconfig; name = "Pods-SpaceIn.debug.xcconfig"; path = "Pods/Target Support Files/Pods-SpaceIn/Pods-SpaceIn.debug.xcconfig"; sourceTree = "<group>"; };
		A69320F58315C503A7837752 /* Pods-SpaceIn.release.xcconfig */ = {isa = PBXFileReference; includeInIndex = 1; lastKnownFileType = text.xcconfig; name = "Pods-SpaceIn.release.xcconfig"; path = "Pods/Target Support Files/Pods-SpaceIn/Pods-SpaceIn.release.xcconfig"; sourceTree = "<group>"; };
		D894EEC71DDC26170039D92A /* SpaceIn.app */ = {isa = PBXFileReference; explicitFileType = wrapper.application; includeInIndex = 0; path = SpaceIn.app; sourceTree = BUILT_PRODUCTS_DIR; };
		D894EECA1DDC26170039D92A /* AppDelegate.swift */ = {isa = PBXFileReference; lastKnownFileType = sourcecode.swift; path = AppDelegate.swift; sourceTree = "<group>"; };
		D894EECF1DDC26180039D92A /* Base */ = {isa = PBXFileReference; lastKnownFileType = file.storyboard; name = Base; path = Base.lproj/Main.storyboard; sourceTree = "<group>"; };
		D894EED11DDC26180039D92A /* Assets.xcassets */ = {isa = PBXFileReference; lastKnownFileType = folder.assetcatalog; path = Assets.xcassets; sourceTree = "<group>"; };
		D894EED41DDC26180039D92A /* Base */ = {isa = PBXFileReference; lastKnownFileType = file.storyboard; name = Base; path = Base.lproj/LaunchScreen.storyboard; sourceTree = "<group>"; };
		D894EED61DDC26180039D92A /* Info.plist */ = {isa = PBXFileReference; lastKnownFileType = text.plist.xml; path = Info.plist; sourceTree = "<group>"; };
		D894EEE11DDEA4BA0039D92A /* MapViewController.swift */ = {isa = PBXFileReference; fileEncoding = 4; lastKnownFileType = sourcecode.swift; path = MapViewController.swift; sourceTree = "<group>"; };
		D8D6AE481DEA9CEE0083C204 /* MapView.swift */ = {isa = PBXFileReference; fileEncoding = 4; lastKnownFileType = sourcecode.swift; path = MapView.swift; sourceTree = "<group>"; };
		D8F954771DF1173A0058A1CB /* GoogleService-Info.plist */ = {isa = PBXFileReference; fileEncoding = 4; lastKnownFileType = text.plist.xml; path = "GoogleService-Info.plist"; sourceTree = "<group>"; };
/* End PBXFileReference section */

/* Begin PBXFrameworksBuildPhase section */
		D894EEC41DDC26170039D92A /* Frameworks */ = {
			isa = PBXFrameworksBuildPhase;
			buildActionMask = 2147483647;
			files = (
				F04FE1F66A58311B4E88C286 /* Pods_SpaceIn.framework in Frameworks */,
			);
			runOnlyForDeploymentPostprocessing = 0;
		};
/* End PBXFrameworksBuildPhase section */

/* Begin PBXGroup section */
		752633AF3549B1F6B50E9FDD /* Frameworks */ = {
			isa = PBXGroup;
			children = (
				036A50A7C319BF6AAF4DEA2C /* Pods_SpaceIn.framework */,
			);
			name = Frameworks;
			sourceTree = "<group>";
		};
		8E2361847C5A0C3FCEEF131C /* Pods */ = {
			isa = PBXGroup;
			children = (
				0A06FBF98DDBC98EB5FFB788 /* Pods-SpaceIn.debug.xcconfig */,
				A69320F58315C503A7837752 /* Pods-SpaceIn.release.xcconfig */,
			);
			name = Pods;
			sourceTree = "<group>";
		};
		D894EEBE1DDC26170039D92A = {
			isa = PBXGroup;
			children = (
				D894EEC91DDC26170039D92A /* SpaceIn */,
				D894EEC81DDC26170039D92A /* Products */,
				8E2361847C5A0C3FCEEF131C /* Pods */,
				752633AF3549B1F6B50E9FDD /* Frameworks */,
			);
			sourceTree = "<group>";
		};
		D894EEC81DDC26170039D92A /* Products */ = {
			isa = PBXGroup;
			children = (
				D894EEC71DDC26170039D92A /* SpaceIn.app */,
			);
			name = Products;
			sourceTree = "<group>";
		};
		D894EEC91DDC26170039D92A /* SpaceIn */ = {
			isa = PBXGroup;
			children = (
				D894EECA1DDC26170039D92A /* AppDelegate.swift */,
				D894EEE31DDEA4C60039D92A /* Model */,
				D894EEE41DDEA4CC0039D92A /* View */,
				D894EEE51DDEA4D10039D92A /* Controller */,
				D8F954761DF117010058A1CB /* External */,
				D894EED11DDC26180039D92A /* Assets.xcassets */,
				D894EED31DDC26180039D92A /* LaunchScreen.storyboard */,
				D894EED61DDC26180039D92A /* Info.plist */,
			);
			path = SpaceIn;
			sourceTree = "<group>";
		};
		D894EEE31DDEA4C60039D92A /* Model */ = {
			isa = PBXGroup;
			children = (
			);
			name = Model;
			sourceTree = "<group>";
		};
		D894EEE41DDEA4CC0039D92A /* View */ = {
			isa = PBXGroup;
			children = (
				D894EECE1DDC26180039D92A /* Main.storyboard */,
				D8D6AE481DEA9CEE0083C204 /* MapView.swift */,
			);
			name = View;
			sourceTree = "<group>";
		};
		D894EEE51DDEA4D10039D92A /* Controller */ = {
			isa = PBXGroup;
			children = (
				D894EEE11DDEA4BA0039D92A /* MapViewController.swift */,
			);
			name = Controller;
			sourceTree = "<group>";
		};
		D8F954761DF117010058A1CB /* External */ = {
			isa = PBXGroup;
			children = (
				D8F954771DF1173A0058A1CB /* GoogleService-Info.plist */,
			);
			name = External;
			sourceTree = "<group>";
		};
/* End PBXGroup section */

/* Begin PBXNativeTarget section */
		D894EEC61DDC26170039D92A /* SpaceIn */ = {
			isa = PBXNativeTarget;
			buildConfigurationList = D894EED91DDC26180039D92A /* Build configuration list for PBXNativeTarget "SpaceIn" */;
			buildPhases = (
				FF802F141F83C192FF69BA9A /* [CP] Check Pods Manifest.lock */,
				D894EEC31DDC26170039D92A /* Sources */,
				D894EEC41DDC26170039D92A /* Frameworks */,
				D894EEC51DDC26170039D92A /* Resources */,
				56B1EA8FC28011AB6D7767A4 /* [CP] Embed Pods Frameworks */,
				50AF1FB6C24DEEBD7732D577 /* [CP] Copy Pods Resources */,
			);
			buildRules = (
			);
			dependencies = (
			);
			name = SpaceIn;
			productName = SpaceIn;
			productReference = D894EEC71DDC26170039D92A /* SpaceIn.app */;
			productType = "com.apple.product-type.application";
		};
/* End PBXNativeTarget section */

/* Begin PBXProject section */
		D894EEBF1DDC26170039D92A /* Project object */ = {
			isa = PBXProject;
			attributes = {
				LastSwiftUpdateCheck = 0810;
				LastUpgradeCheck = 0810;
				ORGANIZATIONNAME = Ricky;
				TargetAttributes = {
					D894EEC61DDC26170039D92A = {
						CreatedOnToolsVersion = 8.1;
						DevelopmentTeam = M89857WV7K;
						ProvisioningStyle = Automatic;
					};
				};
			};
			buildConfigurationList = D894EEC21DDC26170039D92A /* Build configuration list for PBXProject "SpaceIn" */;
			compatibilityVersion = "Xcode 3.2";
			developmentRegion = English;
			hasScannedForEncodings = 0;
			knownRegions = (
				en,
				Base,
			);
			mainGroup = D894EEBE1DDC26170039D92A;
			productRefGroup = D894EEC81DDC26170039D92A /* Products */;
			projectDirPath = "";
			projectRoot = "";
			targets = (
				D894EEC61DDC26170039D92A /* SpaceIn */,
			);
		};
/* End PBXProject section */

/* Begin PBXResourcesBuildPhase section */
		D894EEC51DDC26170039D92A /* Resources */ = {
			isa = PBXResourcesBuildPhase;
			buildActionMask = 2147483647;
			files = (
				D894EED51DDC26180039D92A /* LaunchScreen.storyboard in Resources */,
				D8F954781DF1173A0058A1CB /* GoogleService-Info.plist in Resources */,
				D894EED21DDC26180039D92A /* Assets.xcassets in Resources */,
				D894EED01DDC26180039D92A /* Main.storyboard in Resources */,
			);
			runOnlyForDeploymentPostprocessing = 0;
		};
/* End PBXResourcesBuildPhase section */

/* Begin PBXShellScriptBuildPhase section */
		50AF1FB6C24DEEBD7732D577 /* [CP] Copy Pods Resources */ = {
			isa = PBXShellScriptBuildPhase;
			buildActionMask = 2147483647;
			files = (
			);
			inputPaths = (
			);
			name = "[CP] Copy Pods Resources";
			outputPaths = (
			);
			runOnlyForDeploymentPostprocessing = 0;
			shellPath = /bin/sh;
			shellScript = "\"${SRCROOT}/Pods/Target Support Files/Pods-SpaceIn/Pods-SpaceIn-resources.sh\"\n";
			showEnvVarsInLog = 0;
		};
		56B1EA8FC28011AB6D7767A4 /* [CP] Embed Pods Frameworks */ = {
			isa = PBXShellScriptBuildPhase;
			buildActionMask = 2147483647;
			files = (
			);
			inputPaths = (
			);
			name = "[CP] Embed Pods Frameworks";
			outputPaths = (
			);
			runOnlyForDeploymentPostprocessing = 0;
			shellPath = /bin/sh;
			shellScript = "\"${SRCROOT}/Pods/Target Support Files/Pods-SpaceIn/Pods-SpaceIn-frameworks.sh\"\n";
			showEnvVarsInLog = 0;
		};
		FF802F141F83C192FF69BA9A /* [CP] Check Pods Manifest.lock */ = {
			isa = PBXShellScriptBuildPhase;
			buildActionMask = 2147483647;
			files = (
			);
			inputPaths = (
			);
			name = "[CP] Check Pods Manifest.lock";
			outputPaths = (
			);
			runOnlyForDeploymentPostprocessing = 0;
			shellPath = /bin/sh;
			shellScript = "diff \"${PODS_ROOT}/../Podfile.lock\" \"${PODS_ROOT}/Manifest.lock\" > /dev/null\nif [[ $? != 0 ]] ; then\n    cat << EOM\nerror: The sandbox is not in sync with the Podfile.lock. Run 'pod install' or update your CocoaPods installation.\nEOM\n    exit 1\nfi\n";
			showEnvVarsInLog = 0;
		};
/* End PBXShellScriptBuildPhase section */

/* Begin PBXSourcesBuildPhase section */
		D894EEC31DDC26170039D92A /* Sources */ = {
			isa = PBXSourcesBuildPhase;
			buildActionMask = 2147483647;
			files = (
				D894EEE21DDEA4BA0039D92A /* MapViewController.swift in Sources */,
				D8D6AE491DEA9CEE0083C204 /* MapView.swift in Sources */,
				D894EECB1DDC26170039D92A /* AppDelegate.swift in Sources */,
			);
			runOnlyForDeploymentPostprocessing = 0;
		};
/* End PBXSourcesBuildPhase section */

/* Begin PBXVariantGroup section */
		D894EECE1DDC26180039D92A /* Main.storyboard */ = {
			isa = PBXVariantGroup;
			children = (
				D894EECF1DDC26180039D92A /* Base */,
			);
			name = Main.storyboard;
			sourceTree = "<group>";
		};
		D894EED31DDC26180039D92A /* LaunchScreen.storyboard */ = {
			isa = PBXVariantGroup;
			children = (
				D894EED41DDC26180039D92A /* Base */,
			);
			name = LaunchScreen.storyboard;
			sourceTree = "<group>";
		};
/* End PBXVariantGroup section */

/* Begin XCBuildConfiguration section */
		D894EED71DDC26180039D92A /* Debug */ = {
			isa = XCBuildConfiguration;
			buildSettings = {
				ALWAYS_SEARCH_USER_PATHS = NO;
				CLANG_ANALYZER_NONNULL = YES;
				CLANG_CXX_LANGUAGE_STANDARD = "gnu++0x";
				CLANG_CXX_LIBRARY = "libc++";
				CLANG_ENABLE_MODULES = YES;
				CLANG_ENABLE_OBJC_ARC = YES;
				CLANG_WARN_BOOL_CONVERSION = YES;
				CLANG_WARN_CONSTANT_CONVERSION = YES;
				CLANG_WARN_DIRECT_OBJC_ISA_USAGE = YES_ERROR;
				CLANG_WARN_DOCUMENTATION_COMMENTS = YES;
				CLANG_WARN_EMPTY_BODY = YES;
				CLANG_WARN_ENUM_CONVERSION = YES;
				CLANG_WARN_INFINITE_RECURSION = YES;
				CLANG_WARN_INT_CONVERSION = YES;
				CLANG_WARN_OBJC_ROOT_CLASS = YES_ERROR;
				CLANG_WARN_SUSPICIOUS_MOVES = YES;
				CLANG_WARN_UNREACHABLE_CODE = YES;
				CLANG_WARN__DUPLICATE_METHOD_MATCH = YES;
				CODE_SIGN_IDENTITY = "";
				"CODE_SIGN_IDENTITY[sdk=iphoneos*]" = "";
				COPY_PHASE_STRIP = NO;
				DEBUG_INFORMATION_FORMAT = dwarf;
				ENABLE_STRICT_OBJC_MSGSEND = YES;
				ENABLE_TESTABILITY = YES;
				GCC_C_LANGUAGE_STANDARD = gnu99;
				GCC_DYNAMIC_NO_PIC = NO;
				GCC_NO_COMMON_BLOCKS = YES;
				GCC_OPTIMIZATION_LEVEL = 0;
				GCC_PREPROCESSOR_DEFINITIONS = (
					"DEBUG=1",
					"$(inherited)",
				);
				GCC_WARN_64_TO_32_BIT_CONVERSION = YES;
				GCC_WARN_ABOUT_RETURN_TYPE = YES_ERROR;
				GCC_WARN_UNDECLARED_SELECTOR = YES;
				GCC_WARN_UNINITIALIZED_AUTOS = YES_AGGRESSIVE;
				GCC_WARN_UNUSED_FUNCTION = YES;
				GCC_WARN_UNUSED_VARIABLE = YES;
				IPHONEOS_DEPLOYMENT_TARGET = 10.1;
				MTL_ENABLE_DEBUG_INFO = YES;
				ONLY_ACTIVE_ARCH = YES;
				PROVISIONING_PROFILE = "58807f9a-b1c6-4da2-a600-9250c0bb7d88";
				SDKROOT = iphoneos;
				SWIFT_ACTIVE_COMPILATION_CONDITIONS = DEBUG;
				SWIFT_OPTIMIZATION_LEVEL = "-Onone";
			};
			name = Debug;
		};
		D894EED81DDC26180039D92A /* Release */ = {
			isa = XCBuildConfiguration;
			buildSettings = {
				ALWAYS_SEARCH_USER_PATHS = NO;
				CLANG_ANALYZER_NONNULL = YES;
				CLANG_CXX_LANGUAGE_STANDARD = "gnu++0x";
				CLANG_CXX_LIBRARY = "libc++";
				CLANG_ENABLE_MODULES = YES;
				CLANG_ENABLE_OBJC_ARC = YES;
				CLANG_WARN_BOOL_CONVERSION = YES;
				CLANG_WARN_CONSTANT_CONVERSION = YES;
				CLANG_WARN_DIRECT_OBJC_ISA_USAGE = YES_ERROR;
				CLANG_WARN_DOCUMENTATION_COMMENTS = YES;
				CLANG_WARN_EMPTY_BODY = YES;
				CLANG_WARN_ENUM_CONVERSION = YES;
				CLANG_WARN_INFINITE_RECURSION = YES;
				CLANG_WARN_INT_CONVERSION = YES;
				CLANG_WARN_OBJC_ROOT_CLASS = YES_ERROR;
				CLANG_WARN_SUSPICIOUS_MOVES = YES;
				CLANG_WARN_UNREACHABLE_CODE = YES;
				CLANG_WARN__DUPLICATE_METHOD_MATCH = YES;
				"CODE_SIGN_IDENTITY[sdk=iphoneos*]" = "";
				COPY_PHASE_STRIP = NO;
				DEBUG_INFORMATION_FORMAT = "dwarf-with-dsym";
				ENABLE_NS_ASSERTIONS = NO;
				ENABLE_STRICT_OBJC_MSGSEND = YES;
				GCC_C_LANGUAGE_STANDARD = gnu99;
				GCC_NO_COMMON_BLOCKS = YES;
				GCC_WARN_64_TO_32_BIT_CONVERSION = YES;
				GCC_WARN_ABOUT_RETURN_TYPE = YES_ERROR;
				GCC_WARN_UNDECLARED_SELECTOR = YES;
				GCC_WARN_UNINITIALIZED_AUTOS = YES_AGGRESSIVE;
				GCC_WARN_UNUSED_FUNCTION = YES;
				GCC_WARN_UNUSED_VARIABLE = YES;
				IPHONEOS_DEPLOYMENT_TARGET = 10.1;
				MTL_ENABLE_DEBUG_INFO = NO;
				PROVISIONING_PROFILE = "58807f9a-b1c6-4da2-a600-9250c0bb7d88";
				SDKROOT = iphoneos;
				SWIFT_OPTIMIZATION_LEVEL = "-Owholemodule";
				VALIDATE_PRODUCT = YES;
			};
			name = Release;
		};
		D894EEDA1DDC26180039D92A /* Debug */ = {
			isa = XCBuildConfiguration;
			baseConfigurationReference = 0A06FBF98DDBC98EB5FFB788 /* Pods-SpaceIn.debug.xcconfig */;
			buildSettings = {
				ASSETCATALOG_COMPILER_APPICON_NAME = AppIcon;
				CODE_SIGN_IDENTITY = "iPhone Developer";
				"CODE_SIGN_IDENTITY[sdk=iphoneos*]" = "iPhone Developer";
				DEVELOPMENT_TEAM = M89857WV7K;
				FRAMEWORK_SEARCH_PATHS = (
					"$(inherited)",
					"$(PROJECT_DIR)",
				);
				INFOPLIST_FILE = SpaceIn/Info.plist;
				IPHONEOS_DEPLOYMENT_TARGET = 9.0;
				LD_RUNPATH_SEARCH_PATHS = "$(inherited) @executable_path/Frameworks";
				PRODUCT_BUNDLE_IDENTIFIER = com.rickyvelasquez.SpaceIn;
				PRODUCT_NAME = "$(TARGET_NAME)";
				PROVISIONING_PROFILE = "";
				SWIFT_VERSION = 3.0;
			};
			name = Debug;
		};
		D894EEDB1DDC26180039D92A /* Release */ = {
			isa = XCBuildConfiguration;
			baseConfigurationReference = A69320F58315C503A7837752 /* Pods-SpaceIn.release.xcconfig */;
			buildSettings = {
				ASSETCATALOG_COMPILER_APPICON_NAME = AppIcon;
				CODE_SIGN_IDENTITY = "iPhone Developer";
				"CODE_SIGN_IDENTITY[sdk=iphoneos*]" = "iPhone Developer";
				DEVELOPMENT_TEAM = M89857WV7K;
				FRAMEWORK_SEARCH_PATHS = (
					"$(inherited)",
					"$(PROJECT_DIR)",
				);
				INFOPLIST_FILE = SpaceIn/Info.plist;
				IPHONEOS_DEPLOYMENT_TARGET = 9.0;
				LD_RUNPATH_SEARCH_PATHS = "$(inherited) @executable_path/Frameworks";
				PRODUCT_BUNDLE_IDENTIFIER = com.rickyvelasquez.SpaceIn;
				PRODUCT_NAME = "$(TARGET_NAME)";
				PROVISIONING_PROFILE = "";
				SWIFT_VERSION = 3.0;
			};
			name = Release;
		};
/* End XCBuildConfiguration section */

/* Begin XCConfigurationList section */
		D894EEC21DDC26170039D92A /* Build configuration list for PBXProject "SpaceIn" */ = {
			isa = XCConfigurationList;
			buildConfigurations = (
				D894EED71DDC26180039D92A /* Debug */,
				D894EED81DDC26180039D92A /* Release */,
			);
			defaultConfigurationIsVisible = 0;
			defaultConfigurationName = Release;
		};
		D894EED91DDC26180039D92A /* Build configuration list for PBXNativeTarget "SpaceIn" */ = {
			isa = XCConfigurationList;
			buildConfigurations = (
				D894EEDA1DDC26180039D92A /* Debug */,
				D894EEDB1DDC26180039D92A /* Release */,
			);
			defaultConfigurationIsVisible = 0;
			defaultConfigurationName = Release;
		};
/* End XCConfigurationList section */
	};
	rootObject = D894EEBF1DDC26170039D92A /* Project object */;
}
