// !$*UTF8*$!
{
	archiveVersion = 1;
	classes = {
	};
	objectVersion = 46;
	objects = {

/* Begin PBXBuildFile section */
		D894EECB1DDC26170039D92A /* AppDelegate.swift in Sources */ = {isa = PBXBuildFile; fileRef = D894EECA1DDC26170039D92A /* AppDelegate.swift */; };
		D894EECD1DDC26170039D92A /* ViewController.swift in Sources */ = {isa = PBXBuildFile; fileRef = D894EECC1DDC26170039D92A /* ViewController.swift */; };
		D894EED01DDC26180039D92A /* Main.storyboard in Resources */ = {isa = PBXBuildFile; fileRef = D894EECE1DDC26180039D92A /* Main.storyboard */; };
		D894EED21DDC26180039D92A /* Assets.xcassets in Resources */ = {isa = PBXBuildFile; fileRef = D894EED11DDC26180039D92A /* Assets.xcassets */; };
		D894EED51DDC26180039D92A /* LaunchScreen.storyboard in Resources */ = {isa = PBXBuildFile; fileRef = D894EED31DDC26180039D92A /* LaunchScreen.storyboard */; };
		D894EEDD1DDC26A90039D92A /* Mapbox.framework in Frameworks */ = {isa = PBXBuildFile; fileRef = D894EEDC1DDC26A80039D92A /* Mapbox.framework */; };
		D894EEDE1DDC26A90039D92A /* Mapbox.framework in Embed Frameworks */ = {isa = PBXBuildFile; fileRef = D894EEDC1DDC26A80039D92A /* Mapbox.framework */; settings = {ATTRIBUTES = (CodeSignOnCopy, RemoveHeadersOnCopy, ); }; };
/* End PBXBuildFile section */

/* Begin PBXCopyFilesBuildPhase section */
		D894EEDF1DDC26A90039D92A /* Embed Frameworks */ = {
			isa = PBXCopyFilesBuildPhase;
			buildActionMask = 2147483647;
			dstPath = "";
			dstSubfolderSpec = 10;
			files = (
				D894EEDE1DDC26A90039D92A /* Mapbox.framework in Embed Frameworks */,
			);
			name = "Embed Frameworks";
			runOnlyForDeploymentPostprocessing = 0;
		};
/* End PBXCopyFilesBuildPhase section */

/* Begin PBXFileReference section */
		D894EEC71DDC26170039D92A /* SpaceIn.app */ = {isa = PBXFileReference; explicitFileType = wrapper.application; includeInIndex = 0; path = SpaceIn.app; sourceTree = BUILT_PRODUCTS_DIR; };
		D894EECA1DDC26170039D92A /* AppDelegate.swift */ = {isa = PBXFileReference; lastKnownFileType = sourcecode.swift; path = AppDelegate.swift; sourceTree = "<group>"; };
		D894EECC1DDC26170039D92A /* ViewController.swift */ = {isa = PBXFileReference; lastKnownFileType = sourcecode.swift; path = ViewController.swift; sourceTree = "<group>"; };
		D894EECF1DDC26180039D92A /* Base */ = {isa = PBXFileReference; lastKnownFileType = file.storyboard; name = Base; path = Base.lproj/Main.storyboard; sourceTree = "<group>"; };
		D894EED11DDC26180039D92A /* Assets.xcassets */ = {isa = PBXFileReference; lastKnownFileType = folder.assetcatalog; path = Assets.xcassets; sourceTree = "<group>"; };
		D894EED41DDC26180039D92A /* Base */ = {isa = PBXFileReference; lastKnownFileType = file.storyboard; name = Base; path = Base.lproj/LaunchScreen.storyboard; sourceTree = "<group>"; };
		D894EED61DDC26180039D92A /* Info.plist */ = {isa = PBXFileReference; lastKnownFileType = text.plist.xml; path = Info.plist; sourceTree = "<group>"; };
		D894EEDC1DDC26A80039D92A /* Mapbox.framework */ = {isa = PBXFileReference; lastKnownFileType = wrapper.framework; path = Mapbox.framework; sourceTree = "<group>"; };
/* End PBXFileReference section */

/* Begin PBXFrameworksBuildPhase section */
		D894EEC41DDC26170039D92A /* Frameworks */ = {
			isa = PBXFrameworksBuildPhase;
			buildActionMask = 2147483647;
			files = (
				D894EEDD1DDC26A90039D92A /* Mapbox.framework in Frameworks */,
			);
			runOnlyForDeploymentPostprocessing = 0;
		};
/* End PBXFrameworksBuildPhase section */

/* Begin PBXGroup section */
		D894EEBE1DDC26170039D92A = {
			isa = PBXGroup;
			children = (
				D894EEDC1DDC26A80039D92A /* Mapbox.framework */,
				D894EEC91DDC26170039D92A /* SpaceIn */,
				D894EEC81DDC26170039D92A /* Products */,
			);
			sourceTree = "<group>";
		};
		D894EEC81DDC26170039D92A /* Products */ = {
			isa = PBXGroup;
			children = (
				D894EEC71DDC26170039D92A /* SpaceIn.app */,
			);
			name = Products;
			sourceTree = "<group>";
		};
		D894EEC91DDC26170039D92A /* SpaceIn */ = {
			isa = PBXGroup;
			children = (
				D894EECA1DDC26170039D92A /* AppDelegate.swift */,
				D894EECC1DDC26170039D92A /* ViewController.swift */,
				D894EECE1DDC26180039D92A /* Main.storyboard */,
				D894EED11DDC26180039D92A /* Assets.xcassets */,
				D894EED31DDC26180039D92A /* LaunchScreen.storyboard */,
				D894EED61DDC26180039D92A /* Info.plist */,
			);
			path = SpaceIn;
			sourceTree = "<group>";
		};
/* End PBXGroup section */

/* Begin PBXNativeTarget section */
		D894EEC61DDC26170039D92A /* SpaceIn */ = {
			isa = PBXNativeTarget;
			buildConfigurationList = D894EED91DDC26180039D92A /* Build configuration list for PBXNativeTarget "SpaceIn" */;
			buildPhases = (
				D894EEC31DDC26170039D92A /* Sources */,
				D894EEC41DDC26170039D92A /* Frameworks */,
				D894EEC51DDC26170039D92A /* Resources */,
				D894EEDF1DDC26A90039D92A /* Embed Frameworks */,
				D894EEE01DDC26BD0039D92A /* ShellScript */,
			);
			buildRules = (
			);
			dependencies = (
			);
			name = SpaceIn;
			productName = SpaceIn;
			productReference = D894EEC71DDC26170039D92A /* SpaceIn.app */;
			productType = "com.apple.product-type.application";
		};
/* End PBXNativeTarget section */

/* Begin PBXProject section */
		D894EEBF1DDC26170039D92A /* Project object */ = {
			isa = PBXProject;
			attributes = {
				LastSwiftUpdateCheck = 0810;
				LastUpgradeCheck = 0810;
				ORGANIZATIONNAME = Ricky;
				TargetAttributes = {
					D894EEC61DDC26170039D92A = {
						CreatedOnToolsVersion = 8.1;
						DevelopmentTeam = 87ZJ66R6UJ;
						ProvisioningStyle = Automatic;
					};
				};
			};
			buildConfigurationList = D894EEC21DDC26170039D92A /* Build configuration list for PBXProject "SpaceIn" */;
			compatibilityVersion = "Xcode 3.2";
			developmentRegion = English;
			hasScannedForEncodings = 0;
			knownRegions = (
				en,
				Base,
			);
			mainGroup = D894EEBE1DDC26170039D92A;
			productRefGroup = D894EEC81DDC26170039D92A /* Products */;
			projectDirPath = "";
			projectRoot = "";
			targets = (
				D894EEC61DDC26170039D92A /* SpaceIn */,
			);
		};
/* End PBXProject section */

/* Begin PBXResourcesBuildPhase section */
		D894EEC51DDC26170039D92A /* Resources */ = {
			isa = PBXResourcesBuildPhase;
			buildActionMask = 2147483647;
			files = (
				D894EED51DDC26180039D92A /* LaunchScreen.storyboard in Resources */,
				D894EED21DDC26180039D92A /* Assets.xcassets in Resources */,
				D894EED01DDC26180039D92A /* Main.storyboard in Resources */,
			);
			runOnlyForDeploymentPostprocessing = 0;
		};
/* End PBXResourcesBuildPhase section */

/* Begin PBXShellScriptBuildPhase section */
		D894EEE01DDC26BD0039D92A /* ShellScript */ = {
			isa = PBXShellScriptBuildPhase;
			buildActionMask = 2147483647;
			files = (
			);
			inputPaths = (
			);
			outputPaths = (
			);
			runOnlyForDeploymentPostprocessing = 0;
			shellPath = /bin/sh;
			shellScript = "bash \"${BUILT_PRODUCTS_DIR}/${FRAMEWORKS_FOLDER_PATH}/Mapbox.framework/strip-frameworks.sh\"";
		};
/* End PBXShellScriptBuildPhase section */

/* Begin PBXSourcesBuildPhase section */
		D894EEC31DDC26170039D92A /* Sources */ = {
			isa = PBXSourcesBuildPhase;
			buildActionMask = 2147483647;
			files = (
				D894EECD1DDC26170039D92A /* ViewController.swift in Sources */,
				D894EECB1DDC26170039D92A /* AppDelegate.swift in Sources */,
			);
			runOnlyForDeploymentPostprocessing = 0;
		};
/* End PBXSourcesBuildPhase section */

/* Begin PBXVariantGroup section */
		D894EECE1DDC26180039D92A /* Main.storyboard */ = {
			isa = PBXVariantGroup;
			children = (
				D894EECF1DDC26180039D92A /* Base */,
			);
			name = Main.storyboard;
			sourceTree = "<group>";
		};
		D894EED31DDC26180039D92A /* LaunchScreen.storyboard */ = {
			isa = PBXVariantGroup;
			children = (
				D894EED41DDC26180039D92A /* Base */,
			);
			name = LaunchScreen.storyboard;
			sourceTree = "<group>";
		};
/* End PBXVariantGroup section */

/* Begin XCBuildConfiguration section */
		D894EED71DDC26180039D92A /* Debug */ = {
			isa = XCBuildConfiguration;
			buildSettings = {
				ALWAYS_SEARCH_USER_PATHS = NO;
				CLANG_ANALYZER_NONNULL = YES;
				CLANG_CXX_LANGUAGE_STANDARD = "gnu++0x";
				CLANG_CXX_LIBRARY = "libc++";
				CLANG_ENABLE_MODULES = YES;
				CLANG_ENABLE_OBJC_ARC = YES;
				CLANG_WARN_BOOL_CONVERSION = YES;
				CLANG_WARN_CONSTANT_CONVERSION = YES;
				CLANG_WARN_DIRECT_OBJC_ISA_USAGE = YES_ERROR;
				CLANG_WARN_DOCUMENTATION_COMMENTS = YES;
				CLANG_WARN_EMPTY_BODY = YES;
				CLANG_WARN_ENUM_CONVERSION = YES;
				CLANG_WARN_INFINITE_RECURSION = YES;
				CLANG_WARN_INT_CONVERSION = YES;
				CLANG_WARN_OBJC_ROOT_CLASS = YES_ERROR;
				CLANG_WARN_SUSPICIOUS_MOVES = YES;
				CLANG_WARN_UNREACHABLE_CODE = YES;
				CLANG_WARN__DUPLICATE_METHOD_MATCH = YES;
				"CODE_SIGN_IDENTITY[sdk=iphoneos*]" = "iPhone Developer";
				COPY_PHASE_STRIP = NO;
				DEBUG_INFORMATION_FORMAT = dwarf;
				ENABLE_STRICT_OBJC_MSGSEND = YES;
				ENABLE_TESTABILITY = YES;
				GCC_C_LANGUAGE_STANDARD = gnu99;
				GCC_DYNAMIC_NO_PIC = NO;
				GCC_NO_COMMON_BLOCKS = YES;
				GCC_OPTIMIZATION_LEVEL = 0;
				GCC_PREPROCESSOR_DEFINITIONS = (
					"DEBUG=1",
					"$(inherited)",
				);
				GCC_WARN_64_TO_32_BIT_CONVERSION = YES;
				GCC_WARN_ABOUT_RETURN_TYPE = YES_ERROR;
				GCC_WARN_UNDECLARED_SELECTOR = YES;
				GCC_WARN_UNINITIALIZED_AUTOS = YES_AGGRESSIVE;
				GCC_WARN_UNUSED_FUNCTION = YES;
				GCC_WARN_UNUSED_VARIABLE = YES;
				IPHONEOS_DEPLOYMENT_TARGET = 10.1;
				MTL_ENABLE_DEBUG_INFO = YES;
				ONLY_ACTIVE_ARCH = YES;
				SDKROOT = iphoneos;
				SWIFT_ACTIVE_COMPILATION_CONDITIONS = DEBUG;
				SWIFT_OPTIMIZATION_LEVEL = "-Onone";
			};
			name = Debug;
		};
		D894EED81DDC26180039D92A /* Release */ = {
			isa = XCBuildConfiguration;
			buildSettings = {
				ALWAYS_SEARCH_USER_PATHS = NO;
				CLANG_ANALYZER_NONNULL = YES;
				CLANG_CXX_LANGUAGE_STANDARD = "gnu++0x";
				CLANG_CXX_LIBRARY = "libc++";
				CLANG_ENABLE_MODULES = YES;
				CLANG_ENABLE_OBJC_ARC = YES;
				CLANG_WARN_BOOL_CONVERSION = YES;
				CLANG_WARN_CONSTANT_CONVERSION = YES;
				CLANG_WARN_DIRECT_OBJC_ISA_USAGE = YES_ERROR;
				CLANG_WARN_DOCUMENTATION_COMMENTS = YES;
				CLANG_WARN_EMPTY_BODY = YES;
				CLANG_WARN_ENUM_CONVERSION = YES;
				CLANG_WARN_INFINITE_RECURSION = YES;
				CLANG_WARN_INT_CONVERSION = YES;
				CLANG_WARN_OBJC_ROOT_CLASS = YES_ERROR;
				CLANG_WARN_SUSPICIOUS_MOVES = YES;
				CLANG_WARN_UNREACHABLE_CODE = YES;
				CLANG_WARN__DUPLICATE_METHOD_MATCH = YES;
				"CODE_SIGN_IDENTITY[sdk=iphoneos*]" = "iPhone Developer";
				COPY_PHASE_STRIP = NO;
				DEBUG_INFORMATION_FORMAT = "dwarf-with-dsym";
				ENABLE_NS_ASSERTIONS = NO;
				ENABLE_STRICT_OBJC_MSGSEND = YES;
				GCC_C_LANGUAGE_STANDARD = gnu99;
				GCC_NO_COMMON_BLOCKS = YES;
				GCC_WARN_64_TO_32_BIT_CONVERSION = YES;
				GCC_WARN_ABOUT_RETURN_TYPE = YES_ERROR;
				GCC_WARN_UNDECLARED_SELECTOR = YES;
				GCC_WARN_UNINITIALIZED_AUTOS = YES_AGGRESSIVE;
				GCC_WARN_UNUSED_FUNCTION = YES;
				GCC_WARN_UNUSED_VARIABLE = YES;
				IPHONEOS_DEPLOYMENT_TARGET = 10.1;
				MTL_ENABLE_DEBUG_INFO = NO;
				SDKROOT = iphoneos;
				SWIFT_OPTIMIZATION_LEVEL = "-Owholemodule";
				VALIDATE_PRODUCT = YES;
			};
			name = Release;
		};
		D894EEDA1DDC26180039D92A /* Debug */ = {
			isa = XCBuildConfiguration;
			buildSettings = {
				ASSETCATALOG_COMPILER_APPICON_NAME = AppIcon;
				DEVELOPMENT_TEAM = 87ZJ66R6UJ;
				FRAMEWORK_SEARCH_PATHS = (
					"$(inherited)",
					"$(PROJECT_DIR)",
				);
				INFOPLIST_FILE = SpaceIn/Info.plist;
				LD_RUNPATH_SEARCH_PATHS = "$(inherited) @executable_path/Frameworks";
				PRODUCT_BUNDLE_IDENTIFIER = com.rickyvelasquez.SpaceIn;
				PRODUCT_NAME = "$(TARGET_NAME)";
				SWIFT_VERSION = 3.0;
			};
			name = Debug;
		};
		D894EEDB1DDC26180039D92A /* Release */ = {
			isa = XCBuildConfiguration;
			buildSettings = {
				ASSETCATALOG_COMPILER_APPICON_NAME = AppIcon;
				DEVELOPMENT_TEAM = 87ZJ66R6UJ;
				FRAMEWORK_SEARCH_PATHS = (
					"$(inherited)",
					"$(PROJECT_DIR)",
				);
				INFOPLIST_FILE = SpaceIn/Info.plist;
				LD_RUNPATH_SEARCH_PATHS = "$(inherited) @executable_path/Frameworks";
				PRODUCT_BUNDLE_IDENTIFIER = com.rickyvelasquez.SpaceIn;
				PRODUCT_NAME = "$(TARGET_NAME)";
				SWIFT_VERSION = 3.0;
			};
			name = Release;
		};
/* End XCBuildConfiguration section */

/* Begin XCConfigurationList section */
		D894EEC21DDC26170039D92A /* Build configuration list for PBXProject "SpaceIn" */ = {
			isa = XCConfigurationList;
			buildConfigurations = (
				D894EED71DDC26180039D92A /* Debug */,
				D894EED81DDC26180039D92A /* Release */,
			);
			defaultConfigurationIsVisible = 0;
			defaultConfigurationName = Release;
		};
		D894EED91DDC26180039D92A /* Build configuration list for PBXNativeTarget "SpaceIn" */ = {
			isa = XCConfigurationList;
			buildConfigurations = (
				D894EEDA1DDC26180039D92A /* Debug */,
				D894EEDB1DDC26180039D92A /* Release */,
			);
			defaultConfigurationIsVisible = 0;
		};
/* End XCConfigurationList section */
	};
	rootObject = D894EEBF1DDC26170039D92A /* Project object */;
}
